// !$*UTF8*$!
{
	archiveVersion = 1;
	classes = {
	};
	objectVersion = 56;
	objects = {

/* Begin PBXBuildFile section */
		5C19ABF22A49D321003E7EC6 /* GitHubpracticeApp.swift in Sources */ = {isa = PBXBuildFile; fileRef = 5C19ABF12A49D321003E7EC6 /* GitHubpracticeApp.swift */; };
		5C19ABF42A49D321003E7EC6 /* ContentView.swift in Sources */ = {isa = PBXBuildFile; fileRef = 5C19ABF32A49D321003E7EC6 /* ContentView.swift */; };
		5C19ABF62A49D323003E7EC6 /* Assets.xcassets in Resources */ = {isa = PBXBuildFile; fileRef = 5C19ABF52A49D323003E7EC6 /* Assets.xcassets */; };
		5C19ABF92A49D323003E7EC6 /* Preview Assets.xcassets in Resources */ = {isa = PBXBuildFile; fileRef = 5C19ABF82A49D323003E7EC6 /* Preview Assets.xcassets */; };
		5C19AC032A49D324003E7EC6 /* GitHubpracticeTests.swift in Sources */ = {isa = PBXBuildFile; fileRef = 5C19AC022A49D324003E7EC6 /* GitHubpracticeTests.swift */; };
		5C19AC0D2A49D324003E7EC6 /* GitHubpracticeUITests.swift in Sources */ = {isa = PBXBuildFile; fileRef = 5C19AC0C2A49D324003E7EC6 /* GitHubpracticeUITests.swift */; };
		5C19AC0F2A49D324003E7EC6 /* GitHubpracticeUITestsLaunchTests.swift in Sources */ = {isa = PBXBuildFile; fileRef = 5C19AC0E2A49D324003E7EC6 /* GitHubpracticeUITestsLaunchTests.swift */; };
/* End PBXBuildFile section */

/* Begin PBXContainerItemProxy section */
		5C19ABFF2A49D324003E7EC6 /* PBXContainerItemProxy */ = {
			isa = PBXContainerItemProxy;
			containerPortal = 5C19ABE62A49D321003E7EC6 /* Project object */;
			proxyType = 1;
			remoteGlobalIDString = 5C19ABED2A49D321003E7EC6;
			remoteInfo = GitHubpractice;
		};
		5C19AC092A49D324003E7EC6 /* PBXContainerItemProxy */ = {
			isa = PBXContainerItemProxy;
			containerPortal = 5C19ABE62A49D321003E7EC6 /* Project object */;
			proxyType = 1;
			remoteGlobalIDString = 5C19ABED2A49D321003E7EC6;
			remoteInfo = GitHubpractice;
		};
/* End PBXContainerItemProxy section */

/* Begin PBXFileReference section */
		5C19ABEE2A49D321003E7EC6 /* GitHubpractice.app */ = {isa = PBXFileReference; explicitFileType = wrapper.application; includeInIndex = 0; path = GitHubpractice.app; sourceTree = BUILT_PRODUCTS_DIR; };
		5C19ABF12A49D321003E7EC6 /* GitHubpracticeApp.swift */ = {isa = PBXFileReference; lastKnownFileType = sourcecode.swift; path = GitHubpracticeApp.swift; sourceTree = "<group>"; };
		5C19ABF32A49D321003E7EC6 /* ContentView.swift */ = {isa = PBXFileReference; lastKnownFileType = sourcecode.swift; path = ContentView.swift; sourceTree = "<group>"; };
		5C19ABF52A49D323003E7EC6 /* Assets.xcassets */ = {isa = PBXFileReference; lastKnownFileType = folder.assetcatalog; path = Assets.xcassets; sourceTree = "<group>"; };
		5C19ABF82A49D323003E7EC6 /* Preview Assets.xcassets */ = {isa = PBXFileReference; lastKnownFileType = folder.assetcatalog; path = "Preview Assets.xcassets"; sourceTree = "<group>"; };
		5C19ABFE2A49D324003E7EC6 /* GitHubpracticeTests.xctest */ = {isa = PBXFileReference; explicitFileType = wrapper.cfbundle; includeInIndex = 0; path = GitHubpracticeTests.xctest; sourceTree = BUILT_PRODUCTS_DIR; };
		5C19AC022A49D324003E7EC6 /* GitHubpracticeTests.swift */ = {isa = PBXFileReference; lastKnownFileType = sourcecode.swift; path = GitHubpracticeTests.swift; sourceTree = "<group>"; };
		5C19AC082A49D324003E7EC6 /* GitHubpracticeUITests.xctest */ = {isa = PBXFileReference; explicitFileType = wrapper.cfbundle; includeInIndex = 0; path = GitHubpracticeUITests.xctest; sourceTree = BUILT_PRODUCTS_DIR; };
		5C19AC0C2A49D324003E7EC6 /* GitHubpracticeUITests.swift */ = {isa = PBXFileReference; lastKnownFileType = sourcecode.swift; path = GitHubpracticeUITests.swift; sourceTree = "<group>"; };
		5C19AC0E2A49D324003E7EC6 /* GitHubpracticeUITestsLaunchTests.swift */ = {isa = PBXFileReference; lastKnownFileType = sourcecode.swift; path = GitHubpracticeUITestsLaunchTests.swift; sourceTree = "<group>"; };
/* End PBXFileReference section */

/* Begin PBXFrameworksBuildPhase section */
		5C19ABEB2A49D321003E7EC6 /* Frameworks */ = {
			isa = PBXFrameworksBuildPhase;
			buildActionMask = 2147483647;
			files = (
			);
			runOnlyForDeploymentPostprocessing = 0;
		};
		5C19ABFB2A49D324003E7EC6 /* Frameworks */ = {
			isa = PBXFrameworksBuildPhase;
			buildActionMask = 2147483647;
			files = (
			);
			runOnlyForDeploymentPostprocessing = 0;
		};
		5C19AC052A49D324003E7EC6 /* Frameworks */ = {
			isa = PBXFrameworksBuildPhase;
			buildActionMask = 2147483647;
			files = (
			);
			runOnlyForDeploymentPostprocessing = 0;
		};
/* End PBXFrameworksBuildPhase section */

/* Begin PBXGroup section */
		5C19ABE52A49D321003E7EC6 = {
			isa = PBXGroup;
			children = (
				5C19ABF02A49D321003E7EC6 /* GitHubpractice */,
				5C19AC012A49D324003E7EC6 /* GitHubpracticeTests */,
				5C19AC0B2A49D324003E7EC6 /* GitHubpracticeUITests */,
				5C19ABEF2A49D321003E7EC6 /* Products */,
			);
			sourceTree = "<group>";
		};
		5C19ABEF2A49D321003E7EC6 /* Products */ = {
			isa = PBXGroup;
			children = (
				5C19ABEE2A49D321003E7EC6 /* GitHubpractice.app */,
				5C19ABFE2A49D324003E7EC6 /* GitHubpracticeTests.xctest */,
				5C19AC082A49D324003E7EC6 /* GitHubpracticeUITests.xctest */,
			);
			name = Products;
			sourceTree = "<group>";
		};
		5C19ABF02A49D321003E7EC6 /* GitHubpractice */ = {
			isa = PBXGroup;
			children = (
				5C19ABF12A49D321003E7EC6 /* GitHubpracticeApp.swift */,
				5C19ABF32A49D321003E7EC6 /* ContentView.swift */,
				5C19ABF52A49D323003E7EC6 /* Assets.xcassets */,
				5C19ABF72A49D323003E7EC6 /* Preview Content */,
			);
			path = GitHubpractice;
			sourceTree = "<group>";
		};
		5C19ABF72A49D323003E7EC6 /* Preview Content */ = {
			isa = PBXGroup;
			children = (
				5C19ABF82A49D323003E7EC6 /* Preview Assets.xcassets */,
			);
			path = "Preview Content";
			sourceTree = "<group>";
		};
		5C19AC012A49D324003E7EC6 /* GitHubpracticeTests */ = {
			isa = PBXGroup;
			children = (
				5C19AC022A49D324003E7EC6 /* GitHubpracticeTests.swift */,
			);
			path = GitHubpracticeTests;
			sourceTree = "<group>";
		};
		5C19AC0B2A49D324003E7EC6 /* GitHubpracticeUITests */ = {
			isa = PBXGroup;
			children = (
				5C19AC0C2A49D324003E7EC6 /* GitHubpracticeUITests.swift */,
				5C19AC0E2A49D324003E7EC6 /* GitHubpracticeUITestsLaunchTests.swift */,
			);
			path = GitHubpracticeUITests;
			sourceTree = "<group>";
		};
/* End PBXGroup section */

/* Begin PBXNativeTarget section */
		5C19ABED2A49D321003E7EC6 /* GitHubpractice */ = {
			isa = PBXNativeTarget;
			buildConfigurationList = 5C19AC122A49D324003E7EC6 /* Build configuration list for PBXNativeTarget "GitHubpractice" */;
			buildPhases = (
				5C19ABEA2A49D321003E7EC6 /* Sources */,
				5C19ABEB2A49D321003E7EC6 /* Frameworks */,
				5C19ABEC2A49D321003E7EC6 /* Resources */,
			);
			buildRules = (
			);
			dependencies = (
			);
			name = GitHubpractice;
			productName = GitHubpractice;
			productReference = 5C19ABEE2A49D321003E7EC6 /* GitHubpractice.app */;
			productType = "com.apple.product-type.application";
		};
		5C19ABFD2A49D324003E7EC6 /* GitHubpracticeTests */ = {
			isa = PBXNativeTarget;
			buildConfigurationList = 5C19AC152A49D324003E7EC6 /* Build configuration list for PBXNativeTarget "GitHubpracticeTests" */;
			buildPhases = (
				5C19ABFA2A49D324003E7EC6 /* Sources */,
				5C19ABFB2A49D324003E7EC6 /* Frameworks */,
				5C19ABFC2A49D324003E7EC6 /* Resources */,
			);
			buildRules = (
			);
			dependencies = (
				5C19AC002A49D324003E7EC6 /* PBXTargetDependency */,
			);
			name = GitHubpracticeTests;
			productName = GitHubpracticeTests;
			productReference = 5C19ABFE2A49D324003E7EC6 /* GitHubpracticeTests.xctest */;
			productType = "com.apple.product-type.bundle.unit-test";
		};
		5C19AC072A49D324003E7EC6 /* GitHubpracticeUITests */ = {
			isa = PBXNativeTarget;
			buildConfigurationList = 5C19AC182A49D324003E7EC6 /* Build configuration list for PBXNativeTarget "GitHubpracticeUITests" */;
			buildPhases = (
				5C19AC042A49D324003E7EC6 /* Sources */,
				5C19AC052A49D324003E7EC6 /* Frameworks */,
				5C19AC062A49D324003E7EC6 /* Resources */,
			);
			buildRules = (
			);
			dependencies = (
				5C19AC0A2A49D324003E7EC6 /* PBXTargetDependency */,
			);
			name = GitHubpracticeUITests;
			productName = GitHubpracticeUITests;
			productReference = 5C19AC082A49D324003E7EC6 /* GitHubpracticeUITests.xctest */;
			productType = "com.apple.product-type.bundle.ui-testing";
		};
/* End PBXNativeTarget section */

/* Begin PBXProject section */
		5C19ABE62A49D321003E7EC6 /* Project object */ = {
			isa = PBXProject;
			attributes = {
				BuildIndependentTargetsInParallel = 1;
				LastSwiftUpdateCheck = 1430;
				LastUpgradeCheck = 1430;
				TargetAttributes = {
					5C19ABED2A49D321003E7EC6 = {
						CreatedOnToolsVersion = 14.3.1;
					};
					5C19ABFD2A49D324003E7EC6 = {
						CreatedOnToolsVersion = 14.3.1;
						TestTargetID = 5C19ABED2A49D321003E7EC6;
					};
					5C19AC072A49D324003E7EC6 = {
						CreatedOnToolsVersion = 14.3.1;
						TestTargetID = 5C19ABED2A49D321003E7EC6;
					};
				};
			};
			buildConfigurationList = 5C19ABE92A49D321003E7EC6 /* Build configuration list for PBXProject "GitHubpractice" */;
			compatibilityVersion = "Xcode 14.0";
			developmentRegion = en;
			hasScannedForEncodings = 0;
			knownRegions = (
				en,
				Base,
			);
			mainGroup = 5C19ABE52A49D321003E7EC6;
			productRefGroup = 5C19ABEF2A49D321003E7EC6 /* Products */;
			projectDirPath = "";
			projectRoot = "";
			targets = (
				5C19ABED2A49D321003E7EC6 /* GitHubpractice */,
				5C19ABFD2A49D324003E7EC6 /* GitHubpracticeTests */,
				5C19AC072A49D324003E7EC6 /* GitHubpracticeUITests */,
			);
		};
/* End PBXProject section */

/* Begin PBXResourcesBuildPhase section */
		5C19ABEC2A49D321003E7EC6 /* Resources */ = {
			isa = PBXResourcesBuildPhase;
			buildActionMask = 2147483647;
			files = (
				5C19ABF92A49D323003E7EC6 /* Preview Assets.xcassets in Resources */,
				5C19ABF62A49D323003E7EC6 /* Assets.xcassets in Resources */,
			);
			runOnlyForDeploymentPostprocessing = 0;
		};
		5C19ABFC2A49D324003E7EC6 /* Resources */ = {
			isa = PBXResourcesBuildPhase;
			buildActionMask = 2147483647;
			files = (
			);
			runOnlyForDeploymentPostprocessing = 0;
		};
		5C19AC062A49D324003E7EC6 /* Resources */ = {
			isa = PBXResourcesBuildPhase;
			buildActionMask = 2147483647;
			files = (
			);
			runOnlyForDeploymentPostprocessing = 0;
		};
/* End PBXResourcesBuildPhase section */

/* Begin PBXSourcesBuildPhase section */
		5C19ABEA2A49D321003E7EC6 /* Sources */ = {
			isa = PBXSourcesBuildPhase;
			buildActionMask = 2147483647;
			files = (
				5C19ABF42A49D321003E7EC6 /* ContentView.swift in Sources */,
				5C19ABF22A49D321003E7EC6 /* GitHubpracticeApp.swift in Sources */,
			);
			runOnlyForDeploymentPostprocessing = 0;
		};
		5C19ABFA2A49D324003E7EC6 /* Sources */ = {
			isa = PBXSourcesBuildPhase;
			buildActionMask = 2147483647;
			files = (
				5C19AC032A49D324003E7EC6 /* GitHubpracticeTests.swift in Sources */,
			);
			runOnlyForDeploymentPostprocessing = 0;
		};
		5C19AC042A49D324003E7EC6 /* Sources */ = {
			isa = PBXSourcesBuildPhase;
			buildActionMask = 2147483647;
			files = (
				5C19AC0F2A49D324003E7EC6 /* GitHubpracticeUITestsLaunchTests.swift in Sources */,
				5C19AC0D2A49D324003E7EC6 /* GitHubpracticeUITests.swift in Sources */,
			);
			runOnlyForDeploymentPostprocessing = 0;
		};
/* End PBXSourcesBuildPhase section */

/* Begin PBXTargetDependency section */
		5C19AC002A49D324003E7EC6 /* PBXTargetDependency */ = {
			isa = PBXTargetDependency;
			target = 5C19ABED2A49D321003E7EC6 /* GitHubpractice */;
			targetProxy = 5C19ABFF2A49D324003E7EC6 /* PBXContainerItemProxy */;
		};
		5C19AC0A2A49D324003E7EC6 /* PBXTargetDependency */ = {
			isa = PBXTargetDependency;
			target = 5C19ABED2A49D321003E7EC6 /* GitHubpractice */;
			targetProxy = 5C19AC092A49D324003E7EC6 /* PBXContainerItemProxy */;
		};
/* End PBXTargetDependency section */

/* Begin XCBuildConfiguration section */
		5C19AC102A49D324003E7EC6 /* Debug */ = {
			isa = XCBuildConfiguration;
			buildSettings = {
				ALWAYS_SEARCH_USER_PATHS = NO;
				CLANG_ANALYZER_NONNULL = YES;
				CLANG_ANALYZER_NUMBER_OBJECT_CONVERSION = YES_AGGRESSIVE;
				CLANG_CXX_LANGUAGE_STANDARD = "gnu++20";
				CLANG_ENABLE_MODULES = YES;
				CLANG_ENABLE_OBJC_ARC = YES;
				CLANG_ENABLE_OBJC_WEAK = YES;
				CLANG_WARN_BLOCK_CAPTURE_AUTORELEASING = YES;
				CLANG_WARN_BOOL_CONVERSION = YES;
				CLANG_WARN_COMMA = YES;
				CLANG_WARN_CONSTANT_CONVERSION = YES;
				CLANG_WARN_DEPRECATED_OBJC_IMPLEMENTATIONS = YES;
				CLANG_WARN_DIRECT_OBJC_ISA_USAGE = YES_ERROR;
				CLANG_WARN_DOCUMENTATION_COMMENTS = YES;
				CLANG_WARN_EMPTY_BODY = YES;
				CLANG_WARN_ENUM_CONVERSION = YES;
				CLANG_WARN_INFINITE_RECURSION = YES;
				CLANG_WARN_INT_CONVERSION = YES;
				CLANG_WARN_NON_LITERAL_NULL_CONVERSION = YES;
				CLANG_WARN_OBJC_IMPLICIT_RETAIN_SELF = YES;
				CLANG_WARN_OBJC_LITERAL_CONVERSION = YES;
				CLANG_WARN_OBJC_ROOT_CLASS = YES_ERROR;
				CLANG_WARN_QUOTED_INCLUDE_IN_FRAMEWORK_HEADER = YES;
				CLANG_WARN_RANGE_LOOP_ANALYSIS = YES;
				CLANG_WARN_STRICT_PROTOTYPES = YES;
				CLANG_WARN_SUSPICIOUS_MOVE = YES;
				CLANG_WARN_UNGUARDED_AVAILABILITY = YES_AGGRESSIVE;
				CLANG_WARN_UNREACHABLE_CODE = YES;
				CLANG_WARN__DUPLICATE_METHOD_MATCH = YES;
				COPY_PHASE_STRIP = NO;
				DEBUG_INFORMATION_FORMAT = dwarf;
				ENABLE_STRICT_OBJC_MSGSEND = YES;
				ENABLE_TESTABILITY = YES;
				GCC_C_LANGUAGE_STANDARD = gnu11;
				GCC_DYNAMIC_NO_PIC = NO;
				GCC_NO_COMMON_BLOCKS = YES;
				GCC_OPTIMIZATION_LEVEL = 0;
				GCC_PREPROCESSOR_DEFINITIONS = (
					"DEBUG=1",
					"$(inherited)",
				);
				GCC_WARN_64_TO_32_BIT_CONVERSION = YES;
				GCC_WARN_ABOUT_RETURN_TYPE = YES_ERROR;
				GCC_WARN_UNDECLARED_SELECTOR = YES;
				GCC_WARN_UNINITIALIZED_AUTOS = YES_AGGRESSIVE;
				GCC_WARN_UNUSED_FUNCTION = YES;
				GCC_WARN_UNUSED_VARIABLE = YES;
				IPHONEOS_DEPLOYMENT_TARGET = 16.4;
				MTL_ENABLE_DEBUG_INFO = INCLUDE_SOURCE;
				MTL_FAST_MATH = YES;
				ONLY_ACTIVE_ARCH = YES;
				SDKROOT = iphoneos;
				SWIFT_ACTIVE_COMPILATION_CONDITIONS = DEBUG;
				SWIFT_OPTIMIZATION_LEVEL = "-Onone";
			};
			name = Debug;
		};
		5C19AC112A49D324003E7EC6 /* Release */ = {
			isa = XCBuildConfiguration;
			buildSettings = {
				ALWAYS_SEARCH_USER_PATHS = NO;
				CLANG_ANALYZER_NONNULL = YES;
				CLANG_ANALYZER_NUMBER_OBJECT_CONVERSION = YES_AGGRESSIVE;
				CLANG_CXX_LANGUAGE_STANDARD = "gnu++20";
				CLANG_ENABLE_MODULES = YES;
				CLANG_ENABLE_OBJC_ARC = YES;
				CLANG_ENABLE_OBJC_WEAK = YES;
				CLANG_WARN_BLOCK_CAPTURE_AUTORELEASING = YES;
				CLANG_WARN_BOOL_CONVERSION = YES;
				CLANG_WARN_COMMA = YES;
				CLANG_WARN_CONSTANT_CONVERSION = YES;
				CLANG_WARN_DEPRECATED_OBJC_IMPLEMENTATIONS = YES;
				CLANG_WARN_DIRECT_OBJC_ISA_USAGE = YES_ERROR;
				CLANG_WARN_DOCUMENTATION_COMMENTS = YES;
				CLANG_WARN_EMPTY_BODY = YES;
				CLANG_WARN_ENUM_CONVERSION = YES;
				CLANG_WARN_INFINITE_RECURSION = YES;
				CLANG_WARN_INT_CONVERSION = YES;
				CLANG_WARN_NON_LITERAL_NULL_CONVERSION = YES;
				CLANG_WARN_OBJC_IMPLICIT_RETAIN_SELF = YES;
				CLANG_WARN_OBJC_LITERAL_CONVERSION = YES;
				CLANG_WARN_OBJC_ROOT_CLASS = YES_ERROR;
				CLANG_WARN_QUOTED_INCLUDE_IN_FRAMEWORK_HEADER = YES;
				CLANG_WARN_RANGE_LOOP_ANALYSIS = YES;
				CLANG_WARN_STRICT_PROTOTYPES = YES;
				CLANG_WARN_SUSPICIOUS_MOVE = YES;
				CLANG_WARN_UNGUARDED_AVAILABILITY = YES_AGGRESSIVE;
				CLANG_WARN_UNREACHABLE_CODE = YES;
				CLANG_WARN__DUPLICATE_METHOD_MATCH = YES;
				COPY_PHASE_STRIP = NO;
				DEBUG_INFORMATION_FORMAT = "dwarf-with-dsym";
				ENABLE_NS_ASSERTIONS = NO;
				ENABLE_STRICT_OBJC_MSGSEND = YES;
				GCC_C_LANGUAGE_STANDARD = gnu11;
				GCC_NO_COMMON_BLOCKS = YES;
				GCC_WARN_64_TO_32_BIT_CONVERSION = YES;
				GCC_WARN_ABOUT_RETURN_TYPE = YES_ERROR;
				GCC_WARN_UNDECLARED_SELECTOR = YES;
				GCC_WARN_UNINITIALIZED_AUTOS = YES_AGGRESSIVE;
				GCC_WARN_UNUSED_FUNCTION = YES;
				GCC_WARN_UNUSED_VARIABLE = YES;
				IPHONEOS_DEPLOYMENT_TARGET = 16.4;
				MTL_ENABLE_DEBUG_INFO = NO;
				MTL_FAST_MATH = YES;
				SDKROOT = iphoneos;
				SWIFT_COMPILATION_MODE = wholemodule;
				SWIFT_OPTIMIZATION_LEVEL = "-O";
				VALIDATE_PRODUCT = YES;
			};
			name = Release;
		};
		5C19AC132A49D324003E7EC6 /* Debug */ = {
			isa = XCBuildConfiguration;
			buildSettings = {
				ASSETCATALOG_COMPILER_APPICON_NAME = AppIcon;
				ASSETCATALOG_COMPILER_GLOBAL_ACCENT_COLOR_NAME = AccentColor;
				CODE_SIGN_STYLE = Automatic;
				CURRENT_PROJECT_VERSION = 1;
				DEVELOPMENT_ASSET_PATHS = "\"GitHubpractice/Preview Content\"";
				DEVELOPMENT_TEAM = H3G4VXXA4T;
				ENABLE_PREVIEWS = YES;
				GENERATE_INFOPLIST_FILE = YES;
				INFOPLIST_KEY_UIApplicationSceneManifest_Generation = YES;
				INFOPLIST_KEY_UIApplicationSupportsIndirectInputEvents = YES;
				INFOPLIST_KEY_UILaunchScreen_Generation = YES;
				INFOPLIST_KEY_UISupportedInterfaceOrientations_iPad = "UIInterfaceOrientationPortrait UIInterfaceOrientationPortraitUpsideDown UIInterfaceOrientationLandscapeLeft UIInterfaceOrientationLandscapeRight";
				INFOPLIST_KEY_UISupportedInterfaceOrientations_iPhone = "UIInterfaceOrientationPortrait UIInterfaceOrientationLandscapeLeft UIInterfaceOrientationLandscapeRight";
				LD_RUNPATH_SEARCH_PATHS = (
					"$(inherited)",
					"@executable_path/Frameworks",
				);
				MARKETING_VERSION = 1.0;
				PRODUCT_BUNDLE_IDENTIFIER = KWK.GitHubpractice;
				PRODUCT_NAME = "$(TARGET_NAME)";
				SWIFT_EMIT_LOC_STRINGS = YES;
				SWIFT_VERSION = 5.0;
				TARGETED_DEVICE_FAMILY = "1,2";
			};
			name = Debug;
		};
		5C19AC142A49D324003E7EC6 /* Release */ = {
			isa = XCBuildConfiguration;
			buildSettings = {
				ASSETCATALOG_COMPILER_APPICON_NAME = AppIcon;
				ASSETCATALOG_COMPILER_GLOBAL_ACCENT_COLOR_NAME = AccentColor;
				CODE_SIGN_STYLE = Automatic;
				CURRENT_PROJECT_VERSION = 1;
				DEVELOPMENT_ASSET_PATHS = "\"GitHubpractice/Preview Content\"";
				DEVELOPMENT_TEAM = H3G4VXXA4T;
				ENABLE_PREVIEWS = YES;
				GENERATE_INFOPLIST_FILE = YES;
				INFOPLIST_KEY_UIApplicationSceneManifest_Generation = YES;
				INFOPLIST_KEY_UIApplicationSupportsIndirectInputEvents = YES;
				INFOPLIST_KEY_UILaunchScreen_Generation = YES;
				INFOPLIST_KEY_UISupportedInterfaceOrientations_iPad = "UIInterfaceOrientationPortrait UIInterfaceOrientationPortraitUpsideDown UIInterfaceOrientationLandscapeLeft UIInterfaceOrientationLandscapeRight";
				INFOPLIST_KEY_UISupportedInterfaceOrientations_iPhone = "UIInterfaceOrientationPortrait UIInterfaceOrientationLandscapeLeft UIInterfaceOrientationLandscapeRight";
				LD_RUNPATH_SEARCH_PATHS = (
					"$(inherited)",
					"@executable_path/Frameworks",
				);
				MARKETING_VERSION = 1.0;
				PRODUCT_BUNDLE_IDENTIFIER = KWK.GitHubpractice;
				PRODUCT_NAME = "$(TARGET_NAME)";
				SWIFT_EMIT_LOC_STRINGS = YES;
				SWIFT_VERSION = 5.0;
				TARGETED_DEVICE_FAMILY = "1,2";
			};
			name = Release;
		};
		5C19AC162A49D324003E7EC6 /* Debug */ = {
			isa = XCBuildConfiguration;
			buildSettings = {
				ALWAYS_EMBED_SWIFT_STANDARD_LIBRARIES = YES;
				BUNDLE_LOADER = "$(TEST_HOST)";
				CODE_SIGN_STYLE = Automatic;
				CURRENT_PROJECT_VERSION = 1;
				DEVELOPMENT_TEAM = H3G4VXXA4T;
				GENERATE_INFOPLIST_FILE = YES;
				IPHONEOS_DEPLOYMENT_TARGET = 16.4;
				MARKETING_VERSION = 1.0;
				PRODUCT_BUNDLE_IDENTIFIER = KWK.GitHubpracticeTests;
				PRODUCT_NAME = "$(TARGET_NAME)";
				SWIFT_EMIT_LOC_STRINGS = NO;
				SWIFT_VERSION = 5.0;
				TARGETED_DEVICE_FAMILY = "1,2";
				TEST_HOST = "$(BUILT_PRODUCTS_DIR)/GitHubpractice.app/$(BUNDLE_EXECUTABLE_FOLDER_PATH)/GitHubpractice";
			};
			name = Debug;
		};
		5C19AC172A49D324003E7EC6 /* Release */ = {
			isa = XCBuildConfiguration;
			buildSettings = {
				ALWAYS_EMBED_SWIFT_STANDARD_LIBRARIES = YES;
				BUNDLE_LOADER = "$(TEST_HOST)";
				CODE_SIGN_STYLE = Automatic;
				CURRENT_PROJECT_VERSION = 1;
				DEVELOPMENT_TEAM = H3G4VXXA4T;
				GENERATE_INFOPLIST_FILE = YES;
				IPHONEOS_DEPLOYMENT_TARGET = 16.4;
				MARKETING_VERSION = 1.0;
				PRODUCT_BUNDLE_IDENTIFIER = KWK.GitHubpracticeTests;
				PRODUCT_NAME = "$(TARGET_NAME)";
				SWIFT_EMIT_LOC_STRINGS = NO;
				SWIFT_VERSION = 5.0;
				TARGETED_DEVICE_FAMILY = "1,2";
				TEST_HOST = "$(BUILT_PRODUCTS_DIR)/GitHubpractice.app/$(BUNDLE_EXECUTABLE_FOLDER_PATH)/GitHubpractice";
			};
			name = Release;
		};
		5C19AC192A49D324003E7EC6 /* Debug */ = {
			isa = XCBuildConfiguration;
			buildSettings = {
				ALWAYS_EMBED_SWIFT_STANDARD_LIBRARIES = YES;
				CODE_SIGN_STYLE = Automatic;
				CURRENT_PROJECT_VERSION = 1;
				DEVELOPMENT_TEAM = H3G4VXXA4T;
				GENERATE_INFOPLIST_FILE = YES;
				MARKETING_VERSION = 1.0;
				PRODUCT_BUNDLE_IDENTIFIER = KWK.GitHubpracticeUITests;
				PRODUCT_NAME = "$(TARGET_NAME)";
				SWIFT_EMIT_LOC_STRINGS = NO;
				SWIFT_VERSION = 5.0;
				TARGETED_DEVICE_FAMILY = "1,2";
				TEST_TARGET_NAME = GitHubpractice;
			};
			name = Debug;
		};
		5C19AC1A2A49D324003E7EC6 /* Release */ = {
			isa = XCBuildConfiguration;
			buildSettings = {
				ALWAYS_EMBED_SWIFT_STANDARD_LIBRARIES = YES;
				CODE_SIGN_STYLE = Automatic;
				CURRENT_PROJECT_VERSION = 1;
				DEVELOPMENT_TEAM = H3G4VXXA4T;
				GENERATE_INFOPLIST_FILE = YES;
				MARKETING_VERSION = 1.0;
				PRODUCT_BUNDLE_IDENTIFIER = KWK.GitHubpracticeUITests;
				PRODUCT_NAME = "$(TARGET_NAME)";
				SWIFT_EMIT_LOC_STRINGS = NO;
				SWIFT_VERSION = 5.0;
				TARGETED_DEVICE_FAMILY = "1,2";
				TEST_TARGET_NAME = GitHubpractice;
			};
			name = Release;
		};
/* End XCBuildConfiguration section */

/* Begin XCConfigurationList section */
		5C19ABE92A49D321003E7EC6 /* Build configuration list for PBXProject "GitHubpractice" */ = {
			isa = XCConfigurationList;
			buildConfigurations = (
				5C19AC102A49D324003E7EC6 /* Debug */,
				5C19AC112A49D324003E7EC6 /* Release */,
			);
			defaultConfigurationIsVisible = 0;
			defaultConfigurationName = Release;
		};
		5C19AC122A49D324003E7EC6 /* Build configuration list for PBXNativeTarget "GitHubpractice" */ = {
			isa = XCConfigurationList;
			buildConfigurations = (
				5C19AC132A49D324003E7EC6 /* Debug */,
				5C19AC142A49D324003E7EC6 /* Release */,
			);
			defaultConfigurationIsVisible = 0;
			defaultConfigurationName = Release;
		};
		5C19AC152A49D324003E7EC6 /* Build configuration list for PBXNativeTarget "GitHubpracticeTests" */ = {
			isa = XCConfigurationList;
			buildConfigurations = (
				5C19AC162A49D324003E7EC6 /* Debug */,
				5C19AC172A49D324003E7EC6 /* Release */,
			);
			defaultConfigurationIsVisible = 0;
			defaultConfigurationName = Release;
		};
		5C19AC182A49D324003E7EC6 /* Build configuration list for PBXNativeTarget "GitHubpracticeUITests" */ = {
			isa = XCConfigurationList;
			buildConfigurations = (
				5C19AC192A49D324003E7EC6 /* Debug */,
				5C19AC1A2A49D324003E7EC6 /* Release */,
			);
			defaultConfigurationIsVisible = 0;
			defaultConfigurationName = Release;
		};
/* End XCConfigurationList section */
	};
	rootObject = 5C19ABE62A49D321003E7EC6 /* Project object */;
}
